// !$*UTF8*$!
{
	archiveVersion = 1;
	classes = {
	};
	objectVersion = 46;
	objects = {

/* Begin PBXBuildFile section */
		6139E84E1DC494F2003962F4 /* NoticiaService.swift in Sources */ = {isa = PBXBuildFile; fileRef = 6139E84D1DC494F2003962F4 /* NoticiaService.swift */; };
		6139E8501DC4A2E2003962F4 /* AzureBlobServices.swift in Sources */ = {isa = PBXBuildFile; fileRef = 6139E84F1DC4A2E2003962F4 /* AzureBlobServices.swift */; };
		6139E8531DC64CA4003962F4 /* NoticiasLectorTableVC.swift in Sources */ = {isa = PBXBuildFile; fileRef = 6139E8521DC64CA4003962F4 /* NoticiasLectorTableVC.swift */; };
		6139E8561DC64D2A003962F4 /* NoticiaLectorVC.swift in Sources */ = {isa = PBXBuildFile; fileRef = 6139E8541DC64D2A003962F4 /* NoticiaLectorVC.swift */; };
		6139E8571DC64D2A003962F4 /* NoticiaLectorVC.xib in Resources */ = {isa = PBXBuildFile; fileRef = 6139E8551DC64D2A003962F4 /* NoticiaLectorVC.xib */; };
		6139E8591DC67CF0003962F4 /* thumb-up.png in Resources */ = {isa = PBXBuildFile; fileRef = 6139E8581DC67CF0003962F4 /* thumb-up.png */; };
		6139E85B1DC67D71003962F4 /* dislike-thumb.png in Resources */ = {isa = PBXBuildFile; fileRef = 6139E85A1DC67D71003962F4 /* dislike-thumb.png */; };
		6139E85D1DC67DE2003962F4 /* chained-hearts.png in Resources */ = {isa = PBXBuildFile; fileRef = 6139E85C1DC67DE2003962F4 /* chained-hearts.png */; };
		6139E8601DC695BB003962F4 /* NoticiaAnalyticsVC.swift in Sources */ = {isa = PBXBuildFile; fileRef = 6139E85E1DC695BB003962F4 /* NoticiaAnalyticsVC.swift */; };
		6139E8611DC695BB003962F4 /* NoticiaAnalyticsVC.xib in Resources */ = {isa = PBXBuildFile; fileRef = 6139E85F1DC695BB003962F4 /* NoticiaAnalyticsVC.xib */; };
		613C382F1DC064CC0029B59C /* NoticiaVC.swift in Sources */ = {isa = PBXBuildFile; fileRef = 613C382D1DC064CC0029B59C /* NoticiaVC.swift */; };
		613C38301DC064CC0029B59C /* NoticiaVC.xib in Resources */ = {isa = PBXBuildFile; fileRef = 613C382E1DC064CC0029B59C /* NoticiaVC.xib */; };
		613C38321DC066180029B59C /* dummyImage.jpg in Resources */ = {isa = PBXBuildFile; fileRef = 613C38311DC066180029B59C /* dummyImage.jpg */; };
		616B7C711DBE9D6A005BDE1A /* AppDelegate.swift in Sources */ = {isa = PBXBuildFile; fileRef = 616B7C701DBE9D6A005BDE1A /* AppDelegate.swift */; };
		616B7C731DBE9D6A005BDE1A /* ViewController.swift in Sources */ = {isa = PBXBuildFile; fileRef = 616B7C721DBE9D6A005BDE1A /* ViewController.swift */; };
		616B7C761DBE9D6A005BDE1A /* Main.storyboard in Resources */ = {isa = PBXBuildFile; fileRef = 616B7C741DBE9D6A005BDE1A /* Main.storyboard */; };
		616B7C781DBE9D6A005BDE1A /* Assets.xcassets in Resources */ = {isa = PBXBuildFile; fileRef = 616B7C771DBE9D6A005BDE1A /* Assets.xcassets */; };
		616B7C7B1DBE9D6A005BDE1A /* LaunchScreen.storyboard in Resources */ = {isa = PBXBuildFile; fileRef = 616B7C791DBE9D6A005BDE1A /* LaunchScreen.storyboard */; };
		616B7CAC1DBEA719005BDE1A /* NoticiasEditorTableVC.swift in Sources */ = {isa = PBXBuildFile; fileRef = 616B7CAB1DBEA719005BDE1A /* NoticiasEditorTableVC.swift */; };
		616B7CAE1DBEA884005BDE1A /* Noticia.swift in Sources */ = {isa = PBXBuildFile; fileRef = 616B7CAD1DBEA884005BDE1A /* Noticia.swift */; };
		616EC9871DC300BC00F9227D /* AzureServices.swift in Sources */ = {isa = PBXBuildFile; fileRef = 616EC9861DC300BC00F9227D /* AzureServices.swift */; };
		61B6C25B1DC1137B001F4BB6 /* AZSClient.framework in Frameworks */ = {isa = PBXBuildFile; fileRef = 61B6C25A1DC1137B001F4BB6 /* AZSClient.framework */; };
		61B6C25D1DC1144D001F4BB6 /* libxml2.2.tbd in Frameworks */ = {isa = PBXBuildFile; fileRef = 61B6C25C1DC1144D001F4BB6 /* libxml2.2.tbd */; };
		61B6C2631DC1ACAF001F4BB6 /* MicrosoftAzureMobile.framework in Frameworks */ = {isa = PBXBuildFile; fileRef = 61B6C2621DC1ACAF001F4BB6 /* MicrosoftAzureMobile.framework */; };
		61B6C2651DC1AD49001F4BB6 /* WebKit.framework in Frameworks */ = {isa = PBXBuildFile; fileRef = 61B6C2641DC1AD49001F4BB6 /* WebKit.framework */; };
		61C6C89A1DC30AF700949280 /* LoginVC.swift in Sources */ = {isa = PBXBuildFile; fileRef = 61C6C8981DC30AF700949280 /* LoginVC.swift */; };
		61C6C89B1DC30AF700949280 /* LoginVC.xib in Resources */ = {isa = PBXBuildFile; fileRef = 61C6C8991DC30AF700949280 /* LoginVC.xib */; };
		61C6C89E1DC30DE300949280 /* DummyData.swift in Sources */ = {isa = PBXBuildFile; fileRef = 61C6C89D1DC30DE300949280 /* DummyData.swift */; };
/* End PBXBuildFile section */

/* Begin PBXFileReference section */
		6139E84D1DC494F2003962F4 /* NoticiaService.swift */ = {isa = PBXFileReference; fileEncoding = 4; lastKnownFileType = sourcecode.swift; path = NoticiaService.swift; sourceTree = "<group>"; };
		6139E84F1DC4A2E2003962F4 /* AzureBlobServices.swift */ = {isa = PBXFileReference; fileEncoding = 4; lastKnownFileType = sourcecode.swift; path = AzureBlobServices.swift; sourceTree = "<group>"; };
		6139E8521DC64CA4003962F4 /* NoticiasLectorTableVC.swift */ = {isa = PBXFileReference; fileEncoding = 4; lastKnownFileType = sourcecode.swift; path = NoticiasLectorTableVC.swift; sourceTree = "<group>"; };
		6139E8541DC64D2A003962F4 /* NoticiaLectorVC.swift */ = {isa = PBXFileReference; fileEncoding = 4; lastKnownFileType = sourcecode.swift; path = NoticiaLectorVC.swift; sourceTree = "<group>"; };
		6139E8551DC64D2A003962F4 /* NoticiaLectorVC.xib */ = {isa = PBXFileReference; fileEncoding = 4; lastKnownFileType = file.xib; path = NoticiaLectorVC.xib; sourceTree = "<group>"; };
		6139E8581DC67CF0003962F4 /* thumb-up.png */ = {isa = PBXFileReference; lastKnownFileType = image.png; path = "thumb-up.png"; sourceTree = "<group>"; };
		6139E85A1DC67D71003962F4 /* dislike-thumb.png */ = {isa = PBXFileReference; lastKnownFileType = image.png; path = "dislike-thumb.png"; sourceTree = "<group>"; };
		6139E85C1DC67DE2003962F4 /* chained-hearts.png */ = {isa = PBXFileReference; lastKnownFileType = image.png; path = "chained-hearts.png"; sourceTree = "<group>"; };
		6139E85E1DC695BB003962F4 /* NoticiaAnalyticsVC.swift */ = {isa = PBXFileReference; fileEncoding = 4; lastKnownFileType = sourcecode.swift; path = NoticiaAnalyticsVC.swift; sourceTree = "<group>"; };
		6139E85F1DC695BB003962F4 /* NoticiaAnalyticsVC.xib */ = {isa = PBXFileReference; fileEncoding = 4; lastKnownFileType = file.xib; path = NoticiaAnalyticsVC.xib; sourceTree = "<group>"; };
		613C382D1DC064CC0029B59C /* NoticiaVC.swift */ = {isa = PBXFileReference; fileEncoding = 4; lastKnownFileType = sourcecode.swift; path = NoticiaVC.swift; sourceTree = "<group>"; };
		613C382E1DC064CC0029B59C /* NoticiaVC.xib */ = {isa = PBXFileReference; fileEncoding = 4; lastKnownFileType = file.xib; path = NoticiaVC.xib; sourceTree = "<group>"; };
		613C38311DC066180029B59C /* dummyImage.jpg */ = {isa = PBXFileReference; lastKnownFileType = image.jpeg; name = dummyImage.jpg; path = Scoops/dummyImage.jpg; sourceTree = "<group>"; };
		616B7C6D1DBE9D6A005BDE1A /* Scoops.app */ = {isa = PBXFileReference; explicitFileType = wrapper.application; includeInIndex = 0; path = Scoops.app; sourceTree = BUILT_PRODUCTS_DIR; };
		616B7C701DBE9D6A005BDE1A /* AppDelegate.swift */ = {isa = PBXFileReference; lastKnownFileType = sourcecode.swift; path = AppDelegate.swift; sourceTree = "<group>"; };
		616B7C721DBE9D6A005BDE1A /* ViewController.swift */ = {isa = PBXFileReference; lastKnownFileType = sourcecode.swift; path = ViewController.swift; sourceTree = "<group>"; };
		616B7C751DBE9D6A005BDE1A /* Base */ = {isa = PBXFileReference; lastKnownFileType = file.storyboard; name = Base; path = Base.lproj/Main.storyboard; sourceTree = "<group>"; };
		616B7C771DBE9D6A005BDE1A /* Assets.xcassets */ = {isa = PBXFileReference; lastKnownFileType = folder.assetcatalog; path = Assets.xcassets; sourceTree = "<group>"; };
		616B7C7A1DBE9D6A005BDE1A /* Base */ = {isa = PBXFileReference; lastKnownFileType = file.storyboard; name = Base; path = Base.lproj/LaunchScreen.storyboard; sourceTree = "<group>"; };
		616B7C7C1DBE9D6A005BDE1A /* Info.plist */ = {isa = PBXFileReference; lastKnownFileType = text.plist.xml; path = Info.plist; sourceTree = "<group>"; };
		616B7CAB1DBEA719005BDE1A /* NoticiasEditorTableVC.swift */ = {isa = PBXFileReference; fileEncoding = 4; lastKnownFileType = sourcecode.swift; path = NoticiasEditorTableVC.swift; sourceTree = "<group>"; };
		616B7CAD1DBEA884005BDE1A /* Noticia.swift */ = {isa = PBXFileReference; fileEncoding = 4; lastKnownFileType = sourcecode.swift; path = Noticia.swift; sourceTree = "<group>"; };
		616EC9861DC300BC00F9227D /* AzureServices.swift */ = {isa = PBXFileReference; fileEncoding = 4; lastKnownFileType = sourcecode.swift; path = AzureServices.swift; sourceTree = "<group>"; };
		61B6C25A1DC1137B001F4BB6 /* AZSClient.framework */ = {isa = PBXFileReference; lastKnownFileType = wrapper.framework; path = AZSClient.framework; sourceTree = "<group>"; };
		61B6C25C1DC1144D001F4BB6 /* libxml2.2.tbd */ = {isa = PBXFileReference; lastKnownFileType = "sourcecode.text-based-dylib-definition"; name = libxml2.2.tbd; path = usr/lib/libxml2.2.tbd; sourceTree = SDKROOT; };
		61B6C25E1DC11544001F4BB6 /* Scoops-Bridging-Header.h */ = {isa = PBXFileReference; lastKnownFileType = sourcecode.c.h; path = "Scoops-Bridging-Header.h"; sourceTree = "<group>"; };
		61B6C2621DC1ACAF001F4BB6 /* MicrosoftAzureMobile.framework */ = {isa = PBXFileReference; lastKnownFileType = wrapper.framework; path = MicrosoftAzureMobile.framework; sourceTree = "<group>"; };
		61B6C2641DC1AD49001F4BB6 /* WebKit.framework */ = {isa = PBXFileReference; lastKnownFileType = wrapper.framework; name = WebKit.framework; path = System/Library/Frameworks/WebKit.framework; sourceTree = SDKROOT; };
		61C6C8981DC30AF700949280 /* LoginVC.swift */ = {isa = PBXFileReference; fileEncoding = 4; lastKnownFileType = sourcecode.swift; path = LoginVC.swift; sourceTree = "<group>"; };
		61C6C8991DC30AF700949280 /* LoginVC.xib */ = {isa = PBXFileReference; fileEncoding = 4; lastKnownFileType = file.xib; path = LoginVC.xib; sourceTree = "<group>"; };
		61C6C89D1DC30DE300949280 /* DummyData.swift */ = {isa = PBXFileReference; fileEncoding = 4; lastKnownFileType = sourcecode.swift; path = DummyData.swift; sourceTree = "<group>"; };
/* End PBXFileReference section */

/* Begin PBXFrameworksBuildPhase section */
		616B7C6A1DBE9D6A005BDE1A /* Frameworks */ = {
			isa = PBXFrameworksBuildPhase;
			buildActionMask = 2147483647;
			files = (
				61B6C2651DC1AD49001F4BB6 /* WebKit.framework in Frameworks */,
				61B6C25D1DC1144D001F4BB6 /* libxml2.2.tbd in Frameworks */,
				61B6C2631DC1ACAF001F4BB6 /* MicrosoftAzureMobile.framework in Frameworks */,
				61B6C25B1DC1137B001F4BB6 /* AZSClient.framework in Frameworks */,
			);
			runOnlyForDeploymentPostprocessing = 0;
		};
/* End PBXFrameworksBuildPhase section */

/* Begin PBXGroup section */
		6139E8511DC64C70003962F4 /* Lector */ = {
			isa = PBXGroup;
			children = (
				6139E8521DC64CA4003962F4 /* NoticiasLectorTableVC.swift */,
				6139E8541DC64D2A003962F4 /* NoticiaLectorVC.swift */,
				6139E8551DC64D2A003962F4 /* NoticiaLectorVC.xib */,
			);
			name = Lector;
			sourceTree = "<group>";
		};
		613C38291DC064530029B59C /* Modelos */ = {
			isa = PBXGroup;
			children = (
				616B7CAD1DBEA884005BDE1A /* Noticia.swift */,
				6139E84D1DC494F2003962F4 /* NoticiaService.swift */,
			);
			name = Modelos;
			sourceTree = "<group>";
		};
		613C382A1DC064600029B59C /* Editor */ = {
			isa = PBXGroup;
			children = (
				616B7CAB1DBEA719005BDE1A /* NoticiasEditorTableVC.swift */,
				613C382D1DC064CC0029B59C /* NoticiaVC.swift */,
				613C382E1DC064CC0029B59C /* NoticiaVC.xib */,
				6139E85E1DC695BB003962F4 /* NoticiaAnalyticsVC.swift */,
				6139E85F1DC695BB003962F4 /* NoticiaAnalyticsVC.xib */,
			);
			name = Editor;
			sourceTree = "<group>";
		};
		616B7C641DBE9D6A005BDE1A = {
			isa = PBXGroup;
			children = (
				6139E8581DC67CF0003962F4 /* thumb-up.png */,
				613C38311DC066180029B59C /* dummyImage.jpg */,
				6139E85A1DC67D71003962F4 /* dislike-thumb.png */,
				6139E85C1DC67DE2003962F4 /* chained-hearts.png */,
				61B6C2591DC111BF001F4BB6 /* Frameworks */,
				616B7C6F1DBE9D6A005BDE1A /* Scoops */,
				616B7C6E1DBE9D6A005BDE1A /* Products */,
			);
			sourceTree = "<group>";
		};
		616B7C6E1DBE9D6A005BDE1A /* Products */ = {
			isa = PBXGroup;
			children = (
				616B7C6D1DBE9D6A005BDE1A /* Scoops.app */,
			);
			name = Products;
			sourceTree = "<group>";
		};
		616B7C6F1DBE9D6A005BDE1A /* Scoops */ = {
			isa = PBXGroup;
			children = (
				6139E8511DC64C70003962F4 /* Lector */,
				61C6C89C1DC30DD200949280 /* DummyData */,
				616EC9851DC3007B00F9227D /* Azure */,
				613C38291DC064530029B59C /* Modelos */,
				61C6C8971DC30AA600949280 /* Login */,
				613C382A1DC064600029B59C /* Editor */,
				616B7C701DBE9D6A005BDE1A /* AppDelegate.swift */,
				616B7C721DBE9D6A005BDE1A /* ViewController.swift */,
				616B7C741DBE9D6A005BDE1A /* Main.storyboard */,
				616B7C771DBE9D6A005BDE1A /* Assets.xcassets */,
				616B7C791DBE9D6A005BDE1A /* LaunchScreen.storyboard */,
				616B7C7C1DBE9D6A005BDE1A /* Info.plist */,
			);
			path = Scoops;
			sourceTree = "<group>";
		};
		616EC9851DC3007B00F9227D /* Azure */ = {
			isa = PBXGroup;
			children = (
				616EC9861DC300BC00F9227D /* AzureServices.swift */,
				6139E84F1DC4A2E2003962F4 /* AzureBlobServices.swift */,
			);
			name = Azure;
			sourceTree = "<group>";
		};
		61B6C2591DC111BF001F4BB6 /* Frameworks */ = {
			isa = PBXGroup;
			children = (
				61B6C2641DC1AD49001F4BB6 /* WebKit.framework */,
				61B6C2621DC1ACAF001F4BB6 /* MicrosoftAzureMobile.framework */,
				61B6C25C1DC1144D001F4BB6 /* libxml2.2.tbd */,
				61B6C25A1DC1137B001F4BB6 /* AZSClient.framework */,
				61B6C25E1DC11544001F4BB6 /* Scoops-Bridging-Header.h */,
			);
			name = Frameworks;
			sourceTree = "<group>";
		};
		61C6C8971DC30AA600949280 /* Login */ = {
			isa = PBXGroup;
			children = (
				61C6C8981DC30AF700949280 /* LoginVC.swift */,
				61C6C8991DC30AF700949280 /* LoginVC.xib */,
			);
			name = Login;
			sourceTree = "<group>";
		};
		61C6C89C1DC30DD200949280 /* DummyData */ = {
			isa = PBXGroup;
			children = (
				61C6C89D1DC30DE300949280 /* DummyData.swift */,
			);
			name = DummyData;
			sourceTree = "<group>";
		};
/* End PBXGroup section */

/* Begin PBXNativeTarget section */
		616B7C6C1DBE9D6A005BDE1A /* Scoops */ = {
			isa = PBXNativeTarget;
			buildConfigurationList = 616B7C7F1DBE9D6A005BDE1A /* Build configuration list for PBXNativeTarget "Scoops" */;
			buildPhases = (
				616B7C691DBE9D6A005BDE1A /* Sources */,
				616B7C6A1DBE9D6A005BDE1A /* Frameworks */,
				616B7C6B1DBE9D6A005BDE1A /* Resources */,
			);
			buildRules = (
			);
			dependencies = (
			);
			name = Scoops;
			productName = Scoops;
			productReference = 616B7C6D1DBE9D6A005BDE1A /* Scoops.app */;
			productType = "com.apple.product-type.application";
		};
/* End PBXNativeTarget section */

/* Begin PBXProject section */
		616B7C651DBE9D6A005BDE1A /* Project object */ = {
			isa = PBXProject;
			attributes = {
				LastSwiftUpdateCheck = 0800;
				LastUpgradeCheck = 0800;
				ORGANIZATIONNAME = AOA;
				TargetAttributes = {
					616B7C6C1DBE9D6A005BDE1A = {
						CreatedOnToolsVersion = 8.0;
						DevelopmentTeam = 3KAEZ946L2;
						LastSwiftMigration = 0800;
						ProvisioningStyle = Automatic;
					};
				};
			};
			buildConfigurationList = 616B7C681DBE9D6A005BDE1A /* Build configuration list for PBXProject "Scoops" */;
			compatibilityVersion = "Xcode 3.2";
			developmentRegion = English;
			hasScannedForEncodings = 0;
			knownRegions = (
				en,
				Base,
			);
			mainGroup = 616B7C641DBE9D6A005BDE1A;
			productRefGroup = 616B7C6E1DBE9D6A005BDE1A /* Products */;
			projectDirPath = "";
			projectRoot = "";
			targets = (
				616B7C6C1DBE9D6A005BDE1A /* Scoops */,
			);
		};
/* End PBXProject section */

/* Begin PBXResourcesBuildPhase section */
		616B7C6B1DBE9D6A005BDE1A /* Resources */ = {
			isa = PBXResourcesBuildPhase;
			buildActionMask = 2147483647;
			files = (
				61C6C89B1DC30AF700949280 /* LoginVC.xib in Resources */,
				6139E8591DC67CF0003962F4 /* thumb-up.png in Resources */,
				6139E8571DC64D2A003962F4 /* NoticiaLectorVC.xib in Resources */,
				616B7C7B1DBE9D6A005BDE1A /* LaunchScreen.storyboard in Resources */,
				6139E85B1DC67D71003962F4 /* dislike-thumb.png in Resources */,
				616B7C781DBE9D6A005BDE1A /* Assets.xcassets in Resources */,
				613C38301DC064CC0029B59C /* NoticiaVC.xib in Resources */,
				6139E8611DC695BB003962F4 /* NoticiaAnalyticsVC.xib in Resources */,
				616B7C761DBE9D6A005BDE1A /* Main.storyboard in Resources */,
				613C38321DC066180029B59C /* dummyImage.jpg in Resources */,
				6139E85D1DC67DE2003962F4 /* chained-hearts.png in Resources */,
			);
			runOnlyForDeploymentPostprocessing = 0;
		};
/* End PBXResourcesBuildPhase section */

/* Begin PBXSourcesBuildPhase section */
		616B7C691DBE9D6A005BDE1A /* Sources */ = {
			isa = PBXSourcesBuildPhase;
			buildActionMask = 2147483647;
			files = (
				61C6C89E1DC30DE300949280 /* DummyData.swift in Sources */,
				616B7C731DBE9D6A005BDE1A /* ViewController.swift in Sources */,
				6139E8501DC4A2E2003962F4 /* AzureBlobServices.swift in Sources */,
				6139E8601DC695BB003962F4 /* NoticiaAnalyticsVC.swift in Sources */,
				616EC9871DC300BC00F9227D /* AzureServices.swift in Sources */,
				61C6C89A1DC30AF700949280 /* LoginVC.swift in Sources */,
				6139E8561DC64D2A003962F4 /* NoticiaLectorVC.swift in Sources */,
				616B7C711DBE9D6A005BDE1A /* AppDelegate.swift in Sources */,
				613C382F1DC064CC0029B59C /* NoticiaVC.swift in Sources */,
				616B7CAC1DBEA719005BDE1A /* NoticiasEditorTableVC.swift in Sources */,
				6139E8531DC64CA4003962F4 /* NoticiasLectorTableVC.swift in Sources */,
				6139E84E1DC494F2003962F4 /* NoticiaService.swift in Sources */,
				616B7CAE1DBEA884005BDE1A /* Noticia.swift in Sources */,
			);
			runOnlyForDeploymentPostprocessing = 0;
		};
/* End PBXSourcesBuildPhase section */

/* Begin PBXVariantGroup section */
		616B7C741DBE9D6A005BDE1A /* Main.storyboard */ = {
			isa = PBXVariantGroup;
			children = (
				616B7C751DBE9D6A005BDE1A /* Base */,
			);
			name = Main.storyboard;
			sourceTree = "<group>";
		};
		616B7C791DBE9D6A005BDE1A /* LaunchScreen.storyboard */ = {
			isa = PBXVariantGroup;
			children = (
				616B7C7A1DBE9D6A005BDE1A /* Base */,
			);
			name = LaunchScreen.storyboard;
			sourceTree = "<group>";
		};
/* End PBXVariantGroup section */

/* Begin XCBuildConfiguration section */
		616B7C7D1DBE9D6A005BDE1A /* Debug */ = {
			isa = XCBuildConfiguration;
			buildSettings = {
				ALWAYS_SEARCH_USER_PATHS = NO;
				CLANG_ANALYZER_NONNULL = YES;
				CLANG_CXX_LANGUAGE_STANDARD = "gnu++0x";
				CLANG_CXX_LIBRARY = "libc++";
				CLANG_ENABLE_MODULES = YES;
				CLANG_ENABLE_OBJC_ARC = YES;
				CLANG_WARN_BOOL_CONVERSION = YES;
				CLANG_WARN_CONSTANT_CONVERSION = YES;
				CLANG_WARN_DIRECT_OBJC_ISA_USAGE = YES_ERROR;
				CLANG_WARN_DOCUMENTATION_COMMENTS = YES;
				CLANG_WARN_EMPTY_BODY = YES;
				CLANG_WARN_ENUM_CONVERSION = YES;
				CLANG_WARN_INFINITE_RECURSION = YES;
				CLANG_WARN_INT_CONVERSION = YES;
				CLANG_WARN_OBJC_ROOT_CLASS = YES_ERROR;
				CLANG_WARN_SUSPICIOUS_MOVES = YES;
				CLANG_WARN_UNREACHABLE_CODE = YES;
				CLANG_WARN__DUPLICATE_METHOD_MATCH = YES;
				"CODE_SIGN_IDENTITY[sdk=iphoneos*]" = "iPhone Developer";
				COPY_PHASE_STRIP = NO;
				DEBUG_INFORMATION_FORMAT = dwarf;
				ENABLE_STRICT_OBJC_MSGSEND = YES;
				ENABLE_TESTABILITY = YES;
				GCC_C_LANGUAGE_STANDARD = gnu99;
				GCC_DYNAMIC_NO_PIC = NO;
				GCC_NO_COMMON_BLOCKS = YES;
				GCC_OPTIMIZATION_LEVEL = 0;
				GCC_PREPROCESSOR_DEFINITIONS = (
					"DEBUG=1",
					"$(inherited)",
				);
				GCC_WARN_64_TO_32_BIT_CONVERSION = YES;
				GCC_WARN_ABOUT_RETURN_TYPE = YES_ERROR;
				GCC_WARN_UNDECLARED_SELECTOR = YES;
				GCC_WARN_UNINITIALIZED_AUTOS = YES_AGGRESSIVE;
				GCC_WARN_UNUSED_FUNCTION = YES;
				GCC_WARN_UNUSED_VARIABLE = YES;
				IPHONEOS_DEPLOYMENT_TARGET = 10.0;
				MTL_ENABLE_DEBUG_INFO = YES;
				ONLY_ACTIVE_ARCH = YES;
				SDKROOT = iphoneos;
				SWIFT_ACTIVE_COMPILATION_CONDITIONS = DEBUG;
				SWIFT_OPTIMIZATION_LEVEL = "-Onone";
				TARGETED_DEVICE_FAMILY = "1,2";
			};
			name = Debug;
		};
		616B7C7E1DBE9D6A005BDE1A /* Release */ = {
			isa = XCBuildConfiguration;
			buildSettings = {
				ALWAYS_SEARCH_USER_PATHS = NO;
				CLANG_ANALYZER_NONNULL = YES;
				CLANG_CXX_LANGUAGE_STANDARD = "gnu++0x";
				CLANG_CXX_LIBRARY = "libc++";
				CLANG_ENABLE_MODULES = YES;
				CLANG_ENABLE_OBJC_ARC = YES;
				CLANG_WARN_BOOL_CONVERSION = YES;
				CLANG_WARN_CONSTANT_CONVERSION = YES;
				CLANG_WARN_DIRECT_OBJC_ISA_USAGE = YES_ERROR;
				CLANG_WARN_DOCUMENTATION_COMMENTS = YES;
				CLANG_WARN_EMPTY_BODY = YES;
				CLANG_WARN_ENUM_CONVERSION = YES;
				CLANG_WARN_INFINITE_RECURSION = YES;
				CLANG_WARN_INT_CONVERSION = YES;
				CLANG_WARN_OBJC_ROOT_CLASS = YES_ERROR;
				CLANG_WARN_SUSPICIOUS_MOVES = YES;
				CLANG_WARN_UNREACHABLE_CODE = YES;
				CLANG_WARN__DUPLICATE_METHOD_MATCH = YES;
				"CODE_SIGN_IDENTITY[sdk=iphoneos*]" = "iPhone Developer";
				COPY_PHASE_STRIP = NO;
				DEBUG_INFORMATION_FORMAT = "dwarf-with-dsym";
				ENABLE_NS_ASSERTIONS = NO;
				ENABLE_STRICT_OBJC_MSGSEND = YES;
				GCC_C_LANGUAGE_STANDARD = gnu99;
				GCC_NO_COMMON_BLOCKS = YES;
				GCC_WARN_64_TO_32_BIT_CONVERSION = YES;
				GCC_WARN_ABOUT_RETURN_TYPE = YES_ERROR;
				GCC_WARN_UNDECLARED_SELECTOR = YES;
				GCC_WARN_UNINITIALIZED_AUTOS = YES_AGGRESSIVE;
				GCC_WARN_UNUSED_FUNCTION = YES;
				GCC_WARN_UNUSED_VARIABLE = YES;
				IPHONEOS_DEPLOYMENT_TARGET = 10.0;
				MTL_ENABLE_DEBUG_INFO = NO;
				SDKROOT = iphoneos;
				SWIFT_OPTIMIZATION_LEVEL = "-Owholemodule";
				TARGETED_DEVICE_FAMILY = "1,2";
				VALIDATE_PRODUCT = YES;
			};
			name = Release;
		};
		616B7C801DBE9D6A005BDE1A /* Debug */ = {
			isa = XCBuildConfiguration;
			buildSettings = {
				ASSETCATALOG_COMPILER_APPICON_NAME = AppIcon;
				CLANG_ENABLE_MODULES = YES;
				DEVELOPMENT_TEAM = 3KAEZ946L2;
				FRAMEWORK_SEARCH_PATHS = (
					"$(inherited)",
					"$(PROJECT_DIR)",
				);
				INFOPLIST_FILE = Scoops/Info.plist;
				LD_RUNPATH_SEARCH_PATHS = "$(inherited) @executable_path/Frameworks";
				PRODUCT_BUNDLE_IDENTIFIER = info.akixe.Scoops;
				PRODUCT_NAME = "$(TARGET_NAME)";
				SWIFT_OBJC_BRIDGING_HEADER = "Scoops-Bridging-Header.h";
				SWIFT_OPTIMIZATION_LEVEL = "-Onone";
				SWIFT_VERSION = 3.0;
			};
			name = Debug;
		};
		616B7C811DBE9D6A005BDE1A /* Release */ = {
			isa = XCBuildConfiguration;
			buildSettings = {
				ASSETCATALOG_COMPILER_APPICON_NAME = AppIcon;
				CLANG_ENABLE_MODULES = YES;
				DEVELOPMENT_TEAM = 3KAEZ946L2;
				FRAMEWORK_SEARCH_PATHS = (
					"$(inherited)",
					"$(PROJECT_DIR)",
				);
				INFOPLIST_FILE = Scoops/Info.plist;
				LD_RUNPATH_SEARCH_PATHS = "$(inherited) @executable_path/Frameworks";
				PRODUCT_BUNDLE_IDENTIFIER = info.akixe.Scoops;
				PRODUCT_NAME = "$(TARGET_NAME)";
				SWIFT_OBJC_BRIDGING_HEADER = "Scoops-Bridging-Header.h";
				SWIFT_VERSION = 3.0;
			};
			name = Release;
		};
/* End XCBuildConfiguration section */

/* Begin XCConfigurationList section */
		616B7C681DBE9D6A005BDE1A /* Build configuration list for PBXProject "Scoops" */ = {
			isa = XCConfigurationList;
			buildConfigurations = (
				616B7C7D1DBE9D6A005BDE1A /* Debug */,
				616B7C7E1DBE9D6A005BDE1A /* Release */,
			);
			defaultConfigurationIsVisible = 0;
			defaultConfigurationName = Release;
		};
		616B7C7F1DBE9D6A005BDE1A /* Build configuration list for PBXNativeTarget "Scoops" */ = {
			isa = XCConfigurationList;
			buildConfigurations = (
				616B7C801DBE9D6A005BDE1A /* Debug */,
				616B7C811DBE9D6A005BDE1A /* Release */,
			);
			defaultConfigurationIsVisible = 0;
			defaultConfigurationName = Release;
		};
/* End XCConfigurationList section */
	};
	rootObject = 616B7C651DBE9D6A005BDE1A /* Project object */;
}
